# This file is automatically @generated by Cargo.
# It is not intended for manual editing.
version = 4

[[package]]
name = "owlosui-console"
version = "0.1.0"
dependencies = [
 "owlosui-core",
]

[[package]]
name = "owlosui-core"
version = "0.1.0"

[[package]]
name = "owlosui-dos"
version = "0.1.0"
dependencies = [
 "owlosui-core",
 "owlosui-serve",
]

[[package]]
name = "owlosui-dos-example"
version = "0.1.0"
dependencies = [
 "owlosui-core",
 "owlosui-dos",
]

[[package]]
name = "owlosui-serve"
version = "0.1.0"
dependencies = [
 "owlosui-console",
 "owlosui-core",
 "owlosui-window",
]

[[package]]
name = "owlosui-window"
version = "0.1.0"
dependencies = [
 "owlosui-core",
]
